// !$*UTF8*$!
{
	archiveVersion = 1;
	classes = {
	};
	objectVersion = 46;
	objects = {

/* Begin PBXBuildFile section */
		F90DA3FB1953B6170086AEFD /* PKLocationManager.framework in Frameworks */ = {isa = PBXBuildFile; fileRef = F9D585321953956800B04CB4 /* PKLocationManager.framework */; };
		F90DA3FC1953B6170086AEFD /* PKLocationManager.framework in Embed Frameworks */ = {isa = PBXBuildFile; fileRef = F9D585321953956800B04CB4 /* PKLocationManager.framework */; settings = {ATTRIBUTES = (CodeSignOnCopy, ); }; };
		F9D585381953956800B04CB4 /* PKLocationManager.h in Headers */ = {isa = PBXBuildFile; fileRef = F9D585371953956800B04CB4 /* PKLocationManager.h */; settings = {ATTRIBUTES = (Public, ); }; };
		F9D5854F195395BD00B04CB4 /* PKLocationManager.swift in Sources */ = {isa = PBXBuildFile; fileRef = F9D5854E195395BD00B04CB4 /* PKLocationManager.swift */; };
		F9D58551195395D600B04CB4 /* PKLocationMonitor.swift in Sources */ = {isa = PBXBuildFile; fileRef = F9D58550195395D600B04CB4 /* PKLocationMonitor.swift */; };
		F9D5855B1953B43300B04CB4 /* AppDelegate.swift in Sources */ = {isa = PBXBuildFile; fileRef = F9D5855A1953B43300B04CB4 /* AppDelegate.swift */; };
		F9D5855D1953B43300B04CB4 /* DemoViewController.swift in Sources */ = {isa = PBXBuildFile; fileRef = F9D5855C1953B43300B04CB4 /* DemoViewController.swift */; };
		F9D585601953B43300B04CB4 /* Main.storyboard in Resources */ = {isa = PBXBuildFile; fileRef = F9D5855E1953B43300B04CB4 /* Main.storyboard */; };
		F9D585621953B43300B04CB4 /* Images.xcassets in Resources */ = {isa = PBXBuildFile; fileRef = F9D585611953B43300B04CB4 /* Images.xcassets */; };
/* End PBXBuildFile section */

/* Begin PBXContainerItemProxy section */
		F90DA3FD1953B6170086AEFD /* PBXContainerItemProxy */ = {
			isa = PBXContainerItemProxy;
			containerPortal = F9D585291953956800B04CB4 /* Project object */;
			proxyType = 1;
			remoteGlobalIDString = F9D585311953956800B04CB4;
			remoteInfo = PKLocationManager;
		};
/* End PBXContainerItemProxy section */

/* Begin PBXCopyFilesBuildPhase section */
		F90DA3FF1953B6170086AEFD /* Embed Frameworks */ = {
			isa = PBXCopyFilesBuildPhase;
			buildActionMask = 2147483647;
			dstPath = "";
			dstSubfolderSpec = 10;
			files = (
				F90DA3FC1953B6170086AEFD /* PKLocationManager.framework in Embed Frameworks */,
			);
			name = "Embed Frameworks";
			runOnlyForDeploymentPostprocessing = 0;
		};
/* End PBXCopyFilesBuildPhase section */

/* Begin PBXFileReference section */
		F9D585321953956800B04CB4 /* PKLocationManager.framework */ = {isa = PBXFileReference; explicitFileType = wrapper.framework; includeInIndex = 0; path = PKLocationManager.framework; sourceTree = BUILT_PRODUCTS_DIR; };
		F9D585361953956800B04CB4 /* Info.plist */ = {isa = PBXFileReference; lastKnownFileType = text.plist.xml; path = Info.plist; sourceTree = "<group>"; };
		F9D585371953956800B04CB4 /* PKLocationManager.h */ = {isa = PBXFileReference; lastKnownFileType = sourcecode.c.h; path = PKLocationManager.h; sourceTree = "<group>"; };
		F9D5854E195395BD00B04CB4 /* PKLocationManager.swift */ = {isa = PBXFileReference; fileEncoding = 4; lastKnownFileType = sourcecode.swift; path = PKLocationManager.swift; sourceTree = "<group>"; };
		F9D58550195395D600B04CB4 /* PKLocationMonitor.swift */ = {isa = PBXFileReference; fileEncoding = 4; lastKnownFileType = sourcecode.swift; path = PKLocationMonitor.swift; sourceTree = "<group>"; };
		F9D585561953B43300B04CB4 /* PKLocationManagerDemo.app */ = {isa = PBXFileReference; explicitFileType = wrapper.application; includeInIndex = 0; path = PKLocationManagerDemo.app; sourceTree = BUILT_PRODUCTS_DIR; };
		F9D585591953B43300B04CB4 /* Info.plist */ = {isa = PBXFileReference; lastKnownFileType = text.plist.xml; path = Info.plist; sourceTree = "<group>"; };
		F9D5855A1953B43300B04CB4 /* AppDelegate.swift */ = {isa = PBXFileReference; lastKnownFileType = sourcecode.swift; path = AppDelegate.swift; sourceTree = "<group>"; };
		F9D5855C1953B43300B04CB4 /* DemoViewController.swift */ = {isa = PBXFileReference; lastKnownFileType = sourcecode.swift; path = DemoViewController.swift; sourceTree = "<group>"; };
		F9D5855F1953B43300B04CB4 /* Base */ = {isa = PBXFileReference; lastKnownFileType = file.storyboard; name = Base; path = Base.lproj/Main.storyboard; sourceTree = "<group>"; };
		F9D585611953B43300B04CB4 /* Images.xcassets */ = {isa = PBXFileReference; lastKnownFileType = folder.assetcatalog; path = Images.xcassets; sourceTree = "<group>"; };
/* End PBXFileReference section */

/* Begin PBXFrameworksBuildPhase section */
		F9D5852E1953956800B04CB4 /* Frameworks */ = {
			isa = PBXFrameworksBuildPhase;
			buildActionMask = 2147483647;
			files = (
			);
			runOnlyForDeploymentPostprocessing = 0;
		};
		F9D585531953B43300B04CB4 /* Frameworks */ = {
			isa = PBXFrameworksBuildPhase;
			buildActionMask = 2147483647;
			files = (
				F90DA3FB1953B6170086AEFD /* PKLocationManager.framework in Frameworks */,
			);
			runOnlyForDeploymentPostprocessing = 0;
		};
/* End PBXFrameworksBuildPhase section */

/* Begin PBXGroup section */
		F9D585281953956800B04CB4 = {
			isa = PBXGroup;
			children = (
				F9D585571953B43300B04CB4 /* Demo */,
				F9D585341953956800B04CB4 /* PKLocationManager */,
				F9D585331953956800B04CB4 /* Products */,
			);
			sourceTree = "<group>";
		};
		F9D585331953956800B04CB4 /* Products */ = {
			isa = PBXGroup;
			children = (
				F9D585321953956800B04CB4 /* PKLocationManager.framework */,
				F9D585561953B43300B04CB4 /* PKLocationManagerDemo.app */,
			);
			name = Products;
			sourceTree = "<group>";
		};
		F9D585341953956800B04CB4 /* PKLocationManager */ = {
			isa = PBXGroup;
			children = (
				F9D585371953956800B04CB4 /* PKLocationManager.h */,
				F9D5854E195395BD00B04CB4 /* PKLocationManager.swift */,
				F9D58550195395D600B04CB4 /* PKLocationMonitor.swift */,
				F9D585351953956800B04CB4 /* Supporting Files */,
			);
			path = PKLocationManager;
			sourceTree = "<group>";
		};
		F9D585351953956800B04CB4 /* Supporting Files */ = {
			isa = PBXGroup;
			children = (
				F9D585361953956800B04CB4 /* Info.plist */,
			);
			name = "Supporting Files";
			sourceTree = "<group>";
		};
		F9D585571953B43300B04CB4 /* Demo */ = {
			isa = PBXGroup;
			children = (
				F9D5855A1953B43300B04CB4 /* AppDelegate.swift */,
				F9D5855C1953B43300B04CB4 /* DemoViewController.swift */,
				F9D5855E1953B43300B04CB4 /* Main.storyboard */,
				F9D585611953B43300B04CB4 /* Images.xcassets */,
				F9D585581953B43300B04CB4 /* Supporting Files */,
			);
			path = Demo;
			sourceTree = "<group>";
		};
		F9D585581953B43300B04CB4 /* Supporting Files */ = {
			isa = PBXGroup;
			children = (
				F9D585591953B43300B04CB4 /* Info.plist */,
			);
			name = "Supporting Files";
			sourceTree = "<group>";
		};
/* End PBXGroup section */

/* Begin PBXHeadersBuildPhase section */
		F9D5852F1953956800B04CB4 /* Headers */ = {
			isa = PBXHeadersBuildPhase;
			buildActionMask = 2147483647;
			files = (
				F9D585381953956800B04CB4 /* PKLocationManager.h in Headers */,
			);
			runOnlyForDeploymentPostprocessing = 0;
		};
/* End PBXHeadersBuildPhase section */

/* Begin PBXNativeTarget section */
		F9D585311953956800B04CB4 /* PKLocationManager */ = {
			isa = PBXNativeTarget;
			buildConfigurationList = F9D585481953956800B04CB4 /* Build configuration list for PBXNativeTarget "PKLocationManager" */;
			buildPhases = (
				F9D5852D1953956800B04CB4 /* Sources */,
				F9D5852E1953956800B04CB4 /* Frameworks */,
				F9D5852F1953956800B04CB4 /* Headers */,
				F9D585301953956800B04CB4 /* Resources */,
			);
			buildRules = (
			);
			dependencies = (
			);
			name = PKLocationManager;
			productName = PKLocationManager;
			productReference = F9D585321953956800B04CB4 /* PKLocationManager.framework */;
			productType = "com.apple.product-type.framework";
		};
		F9D585551953B43300B04CB4 /* PKLocationManagerDemo */ = {
			isa = PBXNativeTarget;
			buildConfigurationList = F9D5856F1953B43300B04CB4 /* Build configuration list for PBXNativeTarget "PKLocationManagerDemo" */;
			buildPhases = (
				F9D585521953B43300B04CB4 /* Sources */,
				F9D585531953B43300B04CB4 /* Frameworks */,
				F9D585541953B43300B04CB4 /* Resources */,
				F90DA3FF1953B6170086AEFD /* Embed Frameworks */,
			);
			buildRules = (
			);
			dependencies = (
				F90DA3FE1953B6170086AEFD /* PBXTargetDependency */,
			);
			name = PKLocationManagerDemo;
			productName = Demo;
			productReference = F9D585561953B43300B04CB4 /* PKLocationManagerDemo.app */;
			productType = "com.apple.product-type.application";
		};
/* End PBXNativeTarget section */

/* Begin PBXProject section */
		F9D585291953956800B04CB4 /* Project object */ = {
			isa = PBXProject;
			attributes = {
				LastUpgradeCheck = 0600;
				ORGANIZATIONNAME = NSExceptional;
				TargetAttributes = {
					F9D585311953956800B04CB4 = {
						CreatedOnToolsVersion = 6.0;
					};
					F9D585551953B43300B04CB4 = {
						CreatedOnToolsVersion = 6.0;
					};
				};
			};
			buildConfigurationList = F9D5852C1953956800B04CB4 /* Build configuration list for PBXProject "PKLocationManager" */;
			compatibilityVersion = "Xcode 3.2";
			developmentRegion = English;
			hasScannedForEncodings = 0;
			knownRegions = (
				en,
				Base,
			);
			mainGroup = F9D585281953956800B04CB4;
			productRefGroup = F9D585331953956800B04CB4 /* Products */;
			projectDirPath = "";
			projectRoot = "";
			targets = (
				F9D585551953B43300B04CB4 /* PKLocationManagerDemo */,
				F9D585311953956800B04CB4 /* PKLocationManager */,
			);
		};
/* End PBXProject section */

/* Begin PBXResourcesBuildPhase section */
		F9D585301953956800B04CB4 /* Resources */ = {
			isa = PBXResourcesBuildPhase;
			buildActionMask = 2147483647;
			files = (
			);
			runOnlyForDeploymentPostprocessing = 0;
		};
		F9D585541953B43300B04CB4 /* Resources */ = {
			isa = PBXResourcesBuildPhase;
			buildActionMask = 2147483647;
			files = (
				F9D585601953B43300B04CB4 /* Main.storyboard in Resources */,
				F9D585621953B43300B04CB4 /* Images.xcassets in Resources */,
			);
			runOnlyForDeploymentPostprocessing = 0;
		};
/* End PBXResourcesBuildPhase section */

/* Begin PBXSourcesBuildPhase section */
		F9D5852D1953956800B04CB4 /* Sources */ = {
			isa = PBXSourcesBuildPhase;
			buildActionMask = 2147483647;
			files = (
				F9D58551195395D600B04CB4 /* PKLocationMonitor.swift in Sources */,
				F9D5854F195395BD00B04CB4 /* PKLocationManager.swift in Sources */,
			);
			runOnlyForDeploymentPostprocessing = 0;
		};
		F9D585521953B43300B04CB4 /* Sources */ = {
			isa = PBXSourcesBuildPhase;
			buildActionMask = 2147483647;
			files = (
				F9D5855D1953B43300B04CB4 /* DemoViewController.swift in Sources */,
				F9D5855B1953B43300B04CB4 /* AppDelegate.swift in Sources */,
			);
			runOnlyForDeploymentPostprocessing = 0;
		};
/* End PBXSourcesBuildPhase section */

/* Begin PBXTargetDependency section */
		F90DA3FE1953B6170086AEFD /* PBXTargetDependency */ = {
			isa = PBXTargetDependency;
			target = F9D585311953956800B04CB4 /* PKLocationManager */;
			targetProxy = F90DA3FD1953B6170086AEFD /* PBXContainerItemProxy */;
		};
/* End PBXTargetDependency section */

/* Begin PBXVariantGroup section */
		F9D5855E1953B43300B04CB4 /* Main.storyboard */ = {
			isa = PBXVariantGroup;
			children = (
				F9D5855F1953B43300B04CB4 /* Base */,
			);
			name = Main.storyboard;
			sourceTree = "<group>";
		};
/* End PBXVariantGroup section */

/* Begin XCBuildConfiguration section */
		F9D585461953956800B04CB4 /* Debug */ = {
			isa = XCBuildConfiguration;
			buildSettings = {
				ALWAYS_SEARCH_USER_PATHS = NO;
				CLANG_CXX_LANGUAGE_STANDARD = "gnu++0x";
				CLANG_CXX_LIBRARY = "libc++";
				CLANG_ENABLE_MODULES = YES;
				CLANG_ENABLE_OBJC_ARC = YES;
				CLANG_WARN_BOOL_CONVERSION = YES;
				CLANG_WARN_CONSTANT_CONVERSION = YES;
				CLANG_WARN_DIRECT_OBJC_ISA_USAGE = YES_ERROR;
				CLANG_WARN_EMPTY_BODY = YES;
				CLANG_WARN_ENUM_CONVERSION = YES;
				CLANG_WARN_INT_CONVERSION = YES;
				CLANG_WARN_OBJC_ROOT_CLASS = YES_ERROR;
				CLANG_WARN_UNREACHABLE_CODE = YES;
				CLANG_WARN__DUPLICATE_METHOD_MATCH = YES;
				"CODE_SIGN_IDENTITY[sdk=iphoneos*]" = "iPhone Developer";
				COPY_PHASE_STRIP = NO;
				CURRENT_PROJECT_VERSION = 1;
				ENABLE_STRICT_OBJC_MSGSEND = YES;
				GCC_C_LANGUAGE_STANDARD = gnu99;
				GCC_DYNAMIC_NO_PIC = NO;
				GCC_OPTIMIZATION_LEVEL = 0;
				GCC_PREPROCESSOR_DEFINITIONS = (
					"DEBUG=1",
					"$(inherited)",
				);
				GCC_SYMBOLS_PRIVATE_EXTERN = NO;
				GCC_WARN_64_TO_32_BIT_CONVERSION = YES;
				GCC_WARN_ABOUT_RETURN_TYPE = YES_ERROR;
				GCC_WARN_UNDECLARED_SELECTOR = YES;
				GCC_WARN_UNINITIALIZED_AUTOS = YES_AGGRESSIVE;
				GCC_WARN_UNUSED_FUNCTION = YES;
				GCC_WARN_UNUSED_VARIABLE = YES;
				IPHONEOS_DEPLOYMENT_TARGET = 8.0;
				METAL_ENABLE_DEBUG_INFO = YES;
				ONLY_ACTIVE_ARCH = YES;
				SDKROOT = iphoneos;
				SWIFT_OPTIMIZATION_LEVEL = "-Onone";
				TARGETED_DEVICE_FAMILY = "1,2";
				VERSIONING_SYSTEM = "apple-generic";
				VERSION_INFO_PREFIX = "";
			};
			name = Debug;
		};
		F9D585471953956800B04CB4 /* Release */ = {
			isa = XCBuildConfiguration;
			buildSettings = {
				ALWAYS_SEARCH_USER_PATHS = NO;
				CLANG_CXX_LANGUAGE_STANDARD = "gnu++0x";
				CLANG_CXX_LIBRARY = "libc++";
				CLANG_ENABLE_MODULES = YES;
				CLANG_ENABLE_OBJC_ARC = YES;
				CLANG_WARN_BOOL_CONVERSION = YES;
				CLANG_WARN_CONSTANT_CONVERSION = YES;
				CLANG_WARN_DIRECT_OBJC_ISA_USAGE = YES_ERROR;
				CLANG_WARN_EMPTY_BODY = YES;
				CLANG_WARN_ENUM_CONVERSION = YES;
				CLANG_WARN_INT_CONVERSION = YES;
				CLANG_WARN_OBJC_ROOT_CLASS = YES_ERROR;
				CLANG_WARN_UNREACHABLE_CODE = YES;
				CLANG_WARN__DUPLICATE_METHOD_MATCH = YES;
				"CODE_SIGN_IDENTITY[sdk=iphoneos*]" = "iPhone Developer";
				COPY_PHASE_STRIP = YES;
				CURRENT_PROJECT_VERSION = 1;
				ENABLE_NS_ASSERTIONS = NO;
				ENABLE_STRICT_OBJC_MSGSEND = YES;
				GCC_C_LANGUAGE_STANDARD = gnu99;
				GCC_WARN_64_TO_32_BIT_CONVERSION = YES;
				GCC_WARN_ABOUT_RETURN_TYPE = YES_ERROR;
				GCC_WARN_UNDECLARED_SELECTOR = YES;
				GCC_WARN_UNINITIALIZED_AUTOS = YES_AGGRESSIVE;
				GCC_WARN_UNUSED_FUNCTION = YES;
				GCC_WARN_UNUSED_VARIABLE = YES;
				IPHONEOS_DEPLOYMENT_TARGET = 8.0;
				METAL_ENABLE_DEBUG_INFO = NO;
				SDKROOT = iphoneos;
				TARGETED_DEVICE_FAMILY = "1,2";
				VALIDATE_PRODUCT = YES;
				VERSIONING_SYSTEM = "apple-generic";
				VERSION_INFO_PREFIX = "";
			};
			name = Release;
		};
		F9D585491953956800B04CB4 /* Debug */ = {
			isa = XCBuildConfiguration;
			buildSettings = {
				CLANG_ENABLE_MODULES = YES;
				DEFINES_MODULE = YES;
				DYLIB_COMPATIBILITY_VERSION = 1;
				DYLIB_CURRENT_VERSION = 1;
				DYLIB_INSTALL_NAME_BASE = "@rpath";
				INFOPLIST_FILE = PKLocationManager/Info.plist;
				INSTALL_PATH = "$(LOCAL_LIBRARY_DIR)/Frameworks";
				IPHONEOS_DEPLOYMENT_TARGET = 8.0;
				LD_RUNPATH_SEARCH_PATHS = "$(inherited) @executable_path/Frameworks @loader_path/Frameworks";
				PRODUCT_NAME = "$(TARGET_NAME)";
				SKIP_INSTALL = YES;
				SWIFT_OPTIMIZATION_LEVEL = "-Onone";
			};
			name = Debug;
		};
		F9D5854A1953956800B04CB4 /* Release */ = {
			isa = XCBuildConfiguration;
			buildSettings = {
				CLANG_ENABLE_MODULES = YES;
				DEFINES_MODULE = YES;
				DYLIB_COMPATIBILITY_VERSION = 1;
				DYLIB_CURRENT_VERSION = 1;
				DYLIB_INSTALL_NAME_BASE = "@rpath";
				INFOPLIST_FILE = PKLocationManager/Info.plist;
				INSTALL_PATH = "$(LOCAL_LIBRARY_DIR)/Frameworks";
				IPHONEOS_DEPLOYMENT_TARGET = 8.0;
				LD_RUNPATH_SEARCH_PATHS = "$(inherited) @executable_path/Frameworks @loader_path/Frameworks";
				PRODUCT_NAME = "$(TARGET_NAME)";
				SKIP_INSTALL = YES;
			};
			name = Release;
		};
		F9D585701953B43300B04CB4 /* Debug */ = {
			isa = XCBuildConfiguration;
			buildSettings = {
				ASSETCATALOG_COMPILER_APPICON_NAME = AppIcon;
				ASSETCATALOG_COMPILER_LAUNCHIMAGE_NAME = LaunchImage;
				GCC_PREPROCESSOR_DEFINITIONS = (
					"DEBUG=1",
					"$(inherited)",
				);
				INFOPLIST_FILE = Demo/Info.plist;
				IPHONEOS_DEPLOYMENT_TARGET = 8.0;
				LD_RUNPATH_SEARCH_PATHS = "$(inherited) @executable_path/Frameworks";
				METAL_ENABLE_DEBUG_INFO = YES;
				PRODUCT_NAME = "$(TARGET_NAME)";
			};
			name = Debug;
		};
		F9D585711953B43300B04CB4 /* Release */ = {
			isa = XCBuildConfiguration;
			buildSettings = {
				ASSETCATALOG_COMPILER_APPICON_NAME = AppIcon;
				ASSETCATALOG_COMPILER_LAUNCHIMAGE_NAME = LaunchImage;
				INFOPLIST_FILE = Demo/Info.plist;
				IPHONEOS_DEPLOYMENT_TARGET = 8.0;
				LD_RUNPATH_SEARCH_PATHS = "$(inherited) @executable_path/Frameworks";
				METAL_ENABLE_DEBUG_INFO = NO;
				PRODUCT_NAME = "$(TARGET_NAME)";
			};
			name = Release;
		};
/* End XCBuildConfiguration section */

/* Begin XCConfigurationList section */
		F9D5852C1953956800B04CB4 /* Build configuration list for PBXProject "PKLocationManager" */ = {
			isa = XCConfigurationList;
			buildConfigurations = (
				F9D585461953956800B04CB4 /* Debug */,
				F9D585471953956800B04CB4 /* Release */,
			);
			defaultConfigurationIsVisible = 0;
			defaultConfigurationName = Release;
		};
		F9D585481953956800B04CB4 /* Build configuration list for PBXNativeTarget "PKLocationManager" */ = {
			isa = XCConfigurationList;
			buildConfigurations = (
				F9D585491953956800B04CB4 /* Debug */,
				F9D5854A1953956800B04CB4 /* Release */,
			);
			defaultConfigurationIsVisible = 0;
			defaultConfigurationName = Release;
		};
		F9D5856F1953B43300B04CB4 /* Build configuration list for PBXNativeTarget "PKLocationManagerDemo" */ = {
			isa = XCConfigurationList;
			buildConfigurations = (
				F9D585701953B43300B04CB4 /* Debug */,
				F9D585711953B43300B04CB4 /* Release */,
			);
			defaultConfigurationIsVisible = 0;
			defaultConfigurationName = Release;
		};
/* End XCConfigurationList section */
	};
	rootObject = F9D585291953956800B04CB4 /* Project object */;
}
